{
  "name": "@silyze/async-audio-tts-elevenlabs",
  "version": "1.1.1",
  "lockfileVersion": 3,
  "requires": true,
  "packages": {
    "": {
      "name": "@silyze/async-audio-tts-elevenlabs",
      "version": "1.1.1",
      "license": "MIT",
      "dependencies": {
        "@mojsoski/async-websocket-stream": "^1.1.0",
        "@silyze/async-audio-ffmpeg": "^1.0.0",
        "@silyze/async-audio-format-alaw": "^1.0.0",
        "@silyze/async-audio-format-pcm": "^1.0.0",
        "@silyze/async-audio-format-ulaw": "^1.0.1",
        "@silyze/async-audio-tts": "^1.1.0",
        "@types/ws": "^8.18.1",
        "ws": "^8.18.3"
      },
      "devDependencies": {
        "@types/node": "^22.18.0",
        "typescript": "^5.8.3"
      }
    },
    "node_modules/@mojsoski/assert": {
      "version": "1.0.0",
      "resolved": "https://registry.npmjs.org/@mojsoski/assert/-/assert-1.0.0.tgz",
      "integrity": "sha512-v/LdNGr8As34sKnXTZYoBkYd11nawY5qWWXQ252iQy2eaK0atcs+IHJofLEOvzCXU+tsbSpLGNHQG8h8W8fRyg==",
      "license": "MIT"
    },
    "node_modules/@mojsoski/async-event-stream": {
      "version": "1.0.0",
      "resolved": "https://registry.npmjs.org/@mojsoski/async-event-stream/-/async-event-stream-1.0.0.tgz",
      "integrity": "sha512-ypcjLDUr1JePs7ukFYl4AEwQEcLQrXlP1mFL0zOvf2FYWudTlF/Mshp/6rS2Nf6xkHISapPTQn6OFdIPzD36fQ==",
      "license": "MIT",
      "dependencies": {
        "@mojsoski/async-stream": "^1.0.0"
      }
    },
    "node_modules/@mojsoski/async-stream": {
      "version": "1.0.0",
      "resolved": "https://registry.npmjs.org/@mojsoski/async-stream/-/async-stream-1.0.0.tgz",
      "integrity": "sha512-FcMClD4nBVnJJt9Ti6/KBIqeXB6BzbvFyveRug374ceRYepwL6kl2kaZQiTHyFpMb6nTrBHXu41W6hgKKGAUug==",
      "license": "MIT"
    },
    "node_modules/@mojsoski/async-websocket-stream": {
      "version": "1.1.0",
      "resolved": "https://registry.npmjs.org/@mojsoski/async-websocket-stream/-/async-websocket-stream-1.1.0.tgz",
      "integrity": "sha512-Ds+ll8nJXS32ybywmqIYa8EdNWbW1ljSeHNUfDLiRq7XkiRGUJwIDn81EOOHaxlP85hBCHqRBRMbVgvGp/6n3g==",
      "license": "MIT",
      "dependencies": {
        "@mojsoski/async-event-stream": "^1.0.0",
        "@mojsoski/async-stream": "^1.0.0"
      }
    },
    "node_modules/@silyze/async-audio-ffmpeg": {
      "version": "1.0.0",
      "resolved": "https://registry.npmjs.org/@silyze/async-audio-ffmpeg/-/async-audio-ffmpeg-1.0.0.tgz",
      "integrity": "sha512-wFfvGfVOqWy5pVUKcC8+AfAKI7OLMrWOtihr4etPw4bFeWFGxylJpSI1gOu6Q/TkQir9xKd/JX4zXvN0jjWHWw==",
      "license": "MIT",
      "dependencies": {
        "@mojsoski/async-stream": "^1.0.0",
        "@silyze/async-audio-stream": "^1.0.1",
        "@silyze/async-process-stream": "^1.0.0"
      }
    },
    "node_modules/@silyze/async-audio-format-alaw": {
      "version": "1.0.0",
      "resolved": "https://registry.npmjs.org/@silyze/async-audio-format-alaw/-/async-audio-format-alaw-1.0.0.tgz",
      "integrity": "sha512-u9AMUMTpW3k+nPRgQSd1zxakKhi8dUWt8oBbXyTm3OiLqtRrQRFj7zVQs/SL7341Iqc8W2c+l2zuRXwBl00eeA==",
      "license": "MIT",
      "dependencies": {
        "@mojsoski/async-stream": "^1.0.0",
        "@silyze/async-audio-stream": "^1.0.1",
        "alawmulaw": "^6.0.0"
      }
    },
    "node_modules/@silyze/async-audio-format-pcm": {
      "version": "1.0.0",
      "resolved": "https://registry.npmjs.org/@silyze/async-audio-format-pcm/-/async-audio-format-pcm-1.0.0.tgz",
      "integrity": "sha512-iTKD4SebelfeBvEM+vAdQ8VGEmZ5EHMlIcgrjuRMChP5l0n0Z/fN9y6i1L2a72zrZpixzscxDSH1NqofNWPsTQ==",
      "license": "MIT",
      "dependencies": {
        "@mojsoski/async-stream": "^1.0.0",
        "@silyze/async-audio-stream": "^1.0.1"
      }
    },
    "node_modules/@silyze/async-audio-format-ulaw": {
      "version": "1.0.1",
      "resolved": "https://registry.npmjs.org/@silyze/async-audio-format-ulaw/-/async-audio-format-ulaw-1.0.1.tgz",
      "integrity": "sha512-4FTcacJCvJqlablT6pImOTvJpDlvAbW3S2bFYxq54xsDDjwgbqrnY3ME9KJUZU3oInT8STGVqEUFk0WABgEX2Q==",
      "license": "MIT",
      "dependencies": {
        "@mojsoski/async-stream": "^1.0.0",
        "@silyze/async-audio-stream": "^1.0.1",
        "alawmulaw": "^6.0.0"
      }
    },
    "node_modules/@silyze/async-audio-stream": {
      "version": "1.0.1",
      "resolved": "https://registry.npmjs.org/@silyze/async-audio-stream/-/async-audio-stream-1.0.1.tgz",
      "integrity": "sha512-vL7HDS3jQ5axmWw0GL0MFsINivaqX1LqnupcldqwcanE7QwFkJWVKLnaX7iy1ErgmkQtPK6av8DgmWKA+T+KgA==",
      "license": "MIT",
      "dependencies": {
        "@mojsoski/async-stream": "^1.0.0"
      }
    },
    "node_modules/@silyze/async-audio-tts": {
      "version": "1.1.0",
      "resolved": "https://registry.npmjs.org/@silyze/async-audio-tts/-/async-audio-tts-1.1.0.tgz",
      "integrity": "sha512-ie1ZyoukFOyEWeCD8xIG0s/bqhI+BnTMca+MpNSIgYsYm1jPFdz8YI0tiVEYyGFx9dWWo5zlEzoE0I2IW8X+zQ==",
      "license": "MIT",
      "dependencies": {
        "@silyze/async-audio-stream": "^1.0.1"
      }
    },
    "node_modules/@silyze/async-process-stream": {
      "version": "1.0.0",
      "resolved": "https://registry.npmjs.org/@silyze/async-process-stream/-/async-process-stream-1.0.0.tgz",
      "integrity": "sha512-acYmCTRAJyG1kCYFyZzH9ZjvpkU0tupZqjRBS9gGqL4jIOAdFg9nZVTJip7caGo38I2widtL0WPtRAI5OO6vZQ==",
      "license": "MIT",
      "dependencies": {
        "@mojsoski/assert": "^1.0.0",
        "@mojsoski/async-stream": "^1.0.0"
      }
    },
    "node_modules/@types/node": {
      "version": "22.18.0",
      "resolved": "https://registry.npmjs.org/@types/node/-/node-22.18.0.tgz",
      "integrity": "sha512-m5ObIqwsUp6BZzyiy4RdZpzWGub9bqLJMvZDD0QMXhxjqMHMENlj+SqF5QxoUwaQNFe+8kz8XM8ZQhqkQPTgMQ==",
      "license": "MIT",
      "dependencies": {
        "undici-types": "~6.21.0"
      }
    },
    "node_modules/@types/ws": {
      "version": "8.18.1",
      "resolved": "https://registry.npmjs.org/@types/ws/-/ws-8.18.1.tgz",
      "integrity": "sha512-ThVF6DCVhA8kUGy+aazFQ4kXQ7E1Ty7A3ypFOe0IcJV8O/M511G99AW24irKrW56Wt44yG9+ij8FaqoBGkuBXg==",
      "license": "MIT",
      "dependencies": {
        "@types/node": "*"
      }
    },
    "node_modules/alawmulaw": {
      "version": "6.0.0",
      "resolved": "https://registry.npmjs.org/alawmulaw/-/alawmulaw-6.0.0.tgz",
      "integrity": "sha512-1aQJZX2Ax5X7Bq9j9Wkv0gczxexnkshlNNxTc0sD5DjAb+NIgfHkI3rpnjSgr6pK1s4V0Z7viBgE9/FHcIwkyw==",
      "license": "MIT",
      "engines": {
        "node": ">=8"
      }
    },
    "node_modules/typescript": {
      "version": "5.9.2",
      "resolved": "https://registry.npmjs.org/typescript/-/typescript-5.9.2.tgz",
      "integrity": "sha512-CWBzXQrc/qOkhidw1OzBTQuYRbfyxDXJMVJ1XNwUHGROVmuaeiEm3OslpZ1RV96d7SKKjZKrSJu3+t/xlw3R9A==",
      "dev": true,
      "license": "Apache-2.0",
      "bin": {
        "tsc": "bin/tsc",
        "tsserver": "bin/tsserver"
      },
      "engines": {
        "node": ">=14.17"
      }
    },
    "node_modules/undici-types": {
      "version": "6.21.0",
      "resolved": "https://registry.npmjs.org/undici-types/-/undici-types-6.21.0.tgz",
      "integrity": "sha512-iwDZqg0QAGrg9Rav5H4n0M64c3mkR59cJ6wQp+7C4nI0gsmExaedaYLNO44eT4AtBBwjbTiGPMlt2Md0T9H9JQ==",
      "license": "MIT"
    },
    "node_modules/ws": {
      "version": "8.18.3",
      "resolved": "https://registry.npmjs.org/ws/-/ws-8.18.3.tgz",
      "integrity": "sha512-PEIGCY5tSlUt50cqyMXfCzX+oOPqN0vuGqWzbcJ2xvnkzkq46oOpz7dQaTDBdfICb4N14+GARUDw2XV2N4tvzg==",
      "license": "MIT",
      "engines": {
        "node": ">=10.0.0"
      },
      "peerDependencies": {
        "bufferutil": "^4.0.1",
        "utf-8-validate": ">=5.0.2"
      },
      "peerDependenciesMeta": {
        "bufferutil": {
          "optional": true
        },
        "utf-8-validate": {
          "optional": true
        }
      }
    }
  }
}
